
Microsoft Visual Studio Solution File, Format Version 12.00
# Visual Studio Version 16
VisualStudioVersion = 16.0.810.11
MinimumVisualStudioVersion = 10.0.40219.1
Project("{9A19103F-16F7-4668-BE54-9A1E7A4F7556}") = "UserInfoManager", "UserInfoManager\UserInfoManager.csproj", "{4153BABE-AD16-48CE-9CBE-00736DB51B22}"
EndProject
Project("{FAE04EC0-301F-11D3-BF4B-00C04F79EFBC}") = "UserManagementClient", "UserManagementClient\UserManagementClient.csproj", "{9E8A8A68-A8E3-4AC7-AF62-445CDF65B9EB}"
EndProject
Global
	GlobalSection(SolutionConfigurationPlatforms) = preSolution
		Debug|Any CPU = Debug|Any CPU
		Release|Any CPU = Release|Any CPU
	EndGlobalSection
	GlobalSection(ProjectConfigurationPlatforms) = postSolution
		{4153BABE-AD16-48CE-9CBE-00736DB51B22}.Debug|Any CPU.ActiveCfg = Debug|Any CPU
		{4153BABE-AD16-48CE-9CBE-00736DB51B22}.Debug|Any CPU.Build.0 = Debug|Any CPU
		{4153BABE-AD16-48CE-9CBE-00736DB51B22}.Release|Any CPU.ActiveCfg = Release|Any CPU
		{4153BABE-AD16-48CE-9CBE-00736DB51B22}.Release|Any CPU.Build.0 = Release|Any CPU
		{9E8A8A68-A8E3-4AC7-AF62-445CDF65B9EB}.Debug|Any CPU.ActiveCfg = Debug|Any CPU
		{9E8A8A68-A8E3-4AC7-AF62-445CDF65B9EB}.Debug|Any CPU.Build.0 = Debug|Any CPU
		{9E8A8A68-A8E3-4AC7-AF62-445CDF65B9EB}.Release|Any CPU.ActiveCfg = Release|Any CPU
		{9E8A8A68-A8E3-4AC7-AF62-445CDF65B9EB}.Release|Any CPU.Build.0 = Release|Any CPU
	EndGlobalSection
	GlobalSection(SolutionProperties) = preSolution
		HideSolutionNode = FALSE
	EndGlobalSection
	GlobalSection(ExtensibilityGlobals) = postSolution
		SolutionGuid = {6B2EC991-0792-4379-81AB-C8B0D6259FE6}
	EndGlobalSection
EndGlobal
