
Microsoft Visual Studio Solution File, Format Version 12.00
# Visual Studio Version 16
VisualStudioVersion = 16.0.810.7
MinimumVisualStudioVersion = 10.0.40219.1
Project("{FAE04EC0-301F-11D3-BF4B-00C04F79EFBC}") = "IndepthProtobuf", "IndepthProtobuf.csproj", "{71462E98-B079-4163-AE00-6AC63E613DE3}"
EndProject
Global
	GlobalSection(SolutionConfigurationPlatforms) = preSolution
		Debug|Any CPU = Debug|Any CPU
		Release|Any CPU = Release|Any CPU
	EndGlobalSection
	GlobalSection(ProjectConfigurationPlatforms) = postSolution
		{71462E98-B079-4163-AE00-6AC63E613DE3}.Debug|Any CPU.ActiveCfg = Debug|Any CPU
		{71462E98-B079-4163-AE00-6AC63E613DE3}.Debug|Any CPU.Build.0 = Debug|Any CPU
		{71462E98-B079-4163-AE00-6AC63E613DE3}.Release|Any CPU.ActiveCfg = Release|Any CPU
		{71462E98-B079-4163-AE00-6AC63E613DE3}.Release|Any CPU.Build.0 = Release|Any CPU
	EndGlobalSection
	GlobalSection(SolutionProperties) = preSolution
		HideSolutionNode = FALSE
	EndGlobalSection
	GlobalSection(ExtensibilityGlobals) = postSolution
		SolutionGuid = {D1BB2039-052C-467C-BC8E-59BF8DAE0E10}
	EndGlobalSection
EndGlobal
