
Microsoft Visual Studio Solution File, Format Version 12.00
# Visual Studio Version 16
VisualStudioVersion = 16.0.810.11
MinimumVisualStudioVersion = 10.0.40219.1
Project("{FAE04EC0-301F-11D3-BF4B-00C04F79EFBC}") = "GrpcServiceApp", "GrpcServiceApp\GrpcServiceApp.csproj", "{D8FA69AA-8ADC-4891-9E70-5CA7744840CC}"
EndProject
Project("{FAE04EC0-301F-11D3-BF4B-00C04F79EFBC}") = "GrpcDependencies", "GrpcDependencies\GrpcDependencies.csproj", "{F4E1A898-D092-4E11-A11E-84D76E075CF7}"
EndProject
Project("{FAE04EC0-301F-11D3-BF4B-00C04F79EFBC}") = "GrpcClient", "GrpcClient\GrpcClient.csproj", "{62C49605-7819-4FAF-82E4-602EAF56EC37}"
EndProject
Global
	GlobalSection(SolutionConfigurationPlatforms) = preSolution
		Debug|Any CPU = Debug|Any CPU
		Release|Any CPU = Release|Any CPU
	EndGlobalSection
	GlobalSection(ProjectConfigurationPlatforms) = postSolution
		{D8FA69AA-8ADC-4891-9E70-5CA7744840CC}.Debug|Any CPU.ActiveCfg = Debug|Any CPU
		{D8FA69AA-8ADC-4891-9E70-5CA7744840CC}.Debug|Any CPU.Build.0 = Debug|Any CPU
		{D8FA69AA-8ADC-4891-9E70-5CA7744840CC}.Release|Any CPU.ActiveCfg = Release|Any CPU
		{D8FA69AA-8ADC-4891-9E70-5CA7744840CC}.Release|Any CPU.Build.0 = Release|Any CPU
		{F4E1A898-D092-4E11-A11E-84D76E075CF7}.Debug|Any CPU.ActiveCfg = Debug|Any CPU
		{F4E1A898-D092-4E11-A11E-84D76E075CF7}.Debug|Any CPU.Build.0 = Debug|Any CPU
		{F4E1A898-D092-4E11-A11E-84D76E075CF7}.Release|Any CPU.ActiveCfg = Release|Any CPU
		{F4E1A898-D092-4E11-A11E-84D76E075CF7}.Release|Any CPU.Build.0 = Release|Any CPU
		{62C49605-7819-4FAF-82E4-602EAF56EC37}.Debug|Any CPU.ActiveCfg = Debug|Any CPU
		{62C49605-7819-4FAF-82E4-602EAF56EC37}.Debug|Any CPU.Build.0 = Debug|Any CPU
		{62C49605-7819-4FAF-82E4-602EAF56EC37}.Release|Any CPU.ActiveCfg = Release|Any CPU
		{62C49605-7819-4FAF-82E4-602EAF56EC37}.Release|Any CPU.Build.0 = Release|Any CPU
	EndGlobalSection
	GlobalSection(SolutionProperties) = preSolution
		HideSolutionNode = FALSE
	EndGlobalSection
	GlobalSection(ExtensibilityGlobals) = postSolution
		SolutionGuid = {EE95A61C-7900-4ABB-8D1D-9502F7FB38B2}
	EndGlobalSection
EndGlobal
